{
  "name": "Test",
  "lockfileVersion": 2,
  "requires": true,
  "packages": {
    "": {
      "dependencies": {
        "validar-rut": "^3.0.0"
      }
    },
    "node_modules/validar-rut": {
      "version": "3.0.0",
      "resolved": "https://registry.npmjs.org/validar-rut/-/validar-rut-3.0.0.tgz",
      "integrity": "sha512-hvFCEmW9x1+EFp6AvJPctYUah9wLZK1dsow3ysWokAu05P8FA+8vSTvH7X5MQzC4GKuGXlsMAduTL71a4Er8UQ=="
    }
  },
  "dependencies": {
    "validar-rut": {
      "version": "3.0.0",
      "resolved": "https://registry.npmjs.org/validar-rut/-/validar-rut-3.0.0.tgz",
      "integrity": "sha512-hvFCEmW9x1+EFp6AvJPctYUah9wLZK1dsow3ysWokAu05P8FA+8vSTvH7X5MQzC4GKuGXlsMAduTL71a4Er8UQ=="
    }
  }
}
